{
  "name": "my website",
  "lockfileVersion": 3,
  "requires": true,
  "packages": {
    "": {
      "dependencies": {
        "@emailjs/browser": "^4.4.1",
        "bootstrap": "^5.3.7"
      }
    },
    "node_modules/@emailjs/browser": {
      "version": "4.4.1",
      "resolved": "https://registry.npmjs.org/@emailjs/browser/-/browser-4.4.1.tgz",
      "integrity": "sha512-DGSlP9sPvyFba3to2A50kDtZ+pXVp/0rhmqs2LmbMS3I5J8FSOgLwzY2Xb4qfKlOVHh29EAutLYwe5yuEZmEFg==",
      "license": "BSD-3-Clause",
      "engines": {
        "node": ">=14.0.0"
      }
    },
    "node_modules/@popperjs/core": {
      "version": "2.11.8",
      "resolved": "https://registry.npmjs.org/@popperjs/core/-/core-2.11.8.tgz",
      "integrity": "sha512-P1st0aksCrn9sGZhp8GMYwBnQsbvAWsZAX44oXNNvLHGqAOcoVxmjZiohstwQ7SqKnbR47akdNi+uleWD8+g6A==",
      "license": "MIT",
      "peer": true,
      "funding": {
        "type": "opencollective",
        "url": "https://opencollective.com/popperjs"
      }
    },
    "node_modules/bootstrap": {
      "version": "5.3.7",
      "resolved": "https://registry.npmjs.org/bootstrap/-/bootstrap-5.3.7.tgz",
      "integrity": "sha512-7KgiD8UHjfcPBHEpDNg+zGz8L3LqR3GVwqZiBRFX04a1BCArZOz1r2kjly2HQ0WokqTO0v1nF+QAt8dsW4lKlw==",
      "funding": [
        {
          "type": "github",
          "url": "https://github.com/sponsors/twbs"
        },
        {
          "type": "opencollective",
          "url": "https://opencollective.com/bootstrap"
        }
      ],
      "license": "MIT",
      "peerDependencies": {
        "@popperjs/core": "^2.11.8"
      }
    }
  }
}
